
Microsoft Visual Studio Solution File, Format Version 12.00
# Visual Studio 14
VisualStudioVersion = 14.0.25123.0
MinimumVisualStudioVersion = 10.0.40219.1
Project("{FAE04EC0-301F-11D3-BF4B-00C04F79EFBC}") = "Domain", "Domain\Domain.csproj", "{7C3DD808-F849-4D4E-A862-AA15F1D1073F}"
EndProject
Project("{FAE04EC0-301F-11D3-BF4B-00C04F79EFBC}") = "QuizApp.Droid", "QuizApp\QuizApp.Droid\QuizApp.Droid.csproj", "{0A943E5E-3DBE-444A-B05E-66AA06D88512}"
EndProject
Project("{FAE04EC0-301F-11D3-BF4B-00C04F79EFBC}") = "QuizApp.iOS", "QuizApp\QuizApp.iOS\QuizApp.iOS.csproj", "{CDE8B026-B8A2-4818-8FA0-536748CE9FD3}"
EndProject
Project("{D954291E-2A0B-460D-934E-DC6B0785DB48}") = "QuizApp", "QuizApp\QuizApp\QuizApp.shproj", "{5BAD638E-9136-408F-940C-8ADDC06FF42D}"
EndProject
Project("{FAE04EC0-301F-11D3-BF4B-00C04F79EFBC}") = "QuizApi", "RestsharpClient\QuizApi.csproj", "{2C637DB8-6C36-45C7-877D-242749F7A047}"
EndProject
Global
	GlobalSection(SharedMSBuildProjectFiles) = preSolution
		QuizApp\QuizApp\QuizApp.projitems*{cde8b026-b8a2-4818-8fa0-536748ce9fd3}*SharedItemsImports = 4
		QuizApp\QuizApp\QuizApp.projitems*{5bad638e-9136-408f-940c-8addc06ff42d}*SharedItemsImports = 13
		QuizApp\QuizApp\QuizApp.projitems*{0a943e5e-3dbe-444a-b05e-66aa06d88512}*SharedItemsImports = 4
	EndGlobalSection
	GlobalSection(SolutionConfigurationPlatforms) = preSolution
		Ad-Hoc|Any CPU = Ad-Hoc|Any CPU
		Ad-Hoc|ARM = Ad-Hoc|ARM
		Ad-Hoc|iPhone = Ad-Hoc|iPhone
		Ad-Hoc|iPhoneSimulator = Ad-Hoc|iPhoneSimulator
		Ad-Hoc|x64 = Ad-Hoc|x64
		Ad-Hoc|x86 = Ad-Hoc|x86
		AppStore|Any CPU = AppStore|Any CPU
		AppStore|ARM = AppStore|ARM
		AppStore|iPhone = AppStore|iPhone
		AppStore|iPhoneSimulator = AppStore|iPhoneSimulator
		AppStore|x64 = AppStore|x64
		AppStore|x86 = AppStore|x86
		Debug|Any CPU = Debug|Any CPU
		Debug|ARM = Debug|ARM
		Debug|iPhone = Debug|iPhone
		Debug|iPhoneSimulator = Debug|iPhoneSimulator
		Debug|x64 = Debug|x64
		Debug|x86 = Debug|x86
		Release|Any CPU = Release|Any CPU
		Release|ARM = Release|ARM
		Release|iPhone = Release|iPhone
		Release|iPhoneSimulator = Release|iPhoneSimulator
		Release|x64 = Release|x64
		Release|x86 = Release|x86
	EndGlobalSection
	GlobalSection(ProjectConfigurationPlatforms) = postSolution
		{7C3DD808-F849-4D4E-A862-AA15F1D1073F}.Ad-Hoc|Any CPU.ActiveCfg = Release|Any CPU
		{7C3DD808-F849-4D4E-A862-AA15F1D1073F}.Ad-Hoc|Any CPU.Build.0 = Release|Any CPU
		{7C3DD808-F849-4D4E-A862-AA15F1D1073F}.Ad-Hoc|ARM.ActiveCfg = Release|Any CPU
		{7C3DD808-F849-4D4E-A862-AA15F1D1073F}.Ad-Hoc|ARM.Build.0 = Release|Any CPU
		{7C3DD808-F849-4D4E-A862-AA15F1D1073F}.Ad-Hoc|iPhone.ActiveCfg = Release|Any CPU
		{7C3DD808-F849-4D4E-A862-AA15F1D1073F}.Ad-Hoc|iPhone.Build.0 = Release|Any CPU
		{7C3DD808-F849-4D4E-A862-AA15F1D1073F}.Ad-Hoc|iPhoneSimulator.ActiveCfg = Release|Any CPU
		{7C3DD808-F849-4D4E-A862-AA15F1D1073F}.Ad-Hoc|iPhoneSimulator.Build.0 = Release|Any CPU
		{7C3DD808-F849-4D4E-A862-AA15F1D1073F}.Ad-Hoc|x64.ActiveCfg = Release|Any CPU
		{7C3DD808-F849-4D4E-A862-AA15F1D1073F}.Ad-Hoc|x64.Build.0 = Release|Any CPU
		{7C3DD808-F849-4D4E-A862-AA15F1D1073F}.Ad-Hoc|x86.ActiveCfg = Release|Any CPU
		{7C3DD808-F849-4D4E-A862-AA15F1D1073F}.Ad-Hoc|x86.Build.0 = Release|Any CPU
		{7C3DD808-F849-4D4E-A862-AA15F1D1073F}.AppStore|Any CPU.ActiveCfg = Release|Any CPU
		{7C3DD808-F849-4D4E-A862-AA15F1D1073F}.AppStore|Any CPU.Build.0 = Release|Any CPU
		{7C3DD808-F849-4D4E-A862-AA15F1D1073F}.AppStore|ARM.ActiveCfg = Release|Any CPU
		{7C3DD808-F849-4D4E-A862-AA15F1D1073F}.AppStore|ARM.Build.0 = Release|Any CPU
		{7C3DD808-F849-4D4E-A862-AA15F1D1073F}.AppStore|iPhone.ActiveCfg = Release|Any CPU
		{7C3DD808-F849-4D4E-A862-AA15F1D1073F}.AppStore|iPhone.Build.0 = Release|Any CPU
		{7C3DD808-F849-4D4E-A862-AA15F1D1073F}.AppStore|iPhoneSimulator.ActiveCfg = Release|Any CPU
		{7C3DD808-F849-4D4E-A862-AA15F1D1073F}.AppStore|iPhoneSimulator.Build.0 = Release|Any CPU
		{7C3DD808-F849-4D4E-A862-AA15F1D1073F}.AppStore|x64.ActiveCfg = Release|Any CPU
		{7C3DD808-F849-4D4E-A862-AA15F1D1073F}.AppStore|x64.Build.0 = Release|Any CPU
		{7C3DD808-F849-4D4E-A862-AA15F1D1073F}.AppStore|x86.ActiveCfg = Release|Any CPU
		{7C3DD808-F849-4D4E-A862-AA15F1D1073F}.AppStore|x86.Build.0 = Release|Any CPU
		{7C3DD808-F849-4D4E-A862-AA15F1D1073F}.Debug|Any CPU.ActiveCfg = Debug|Any CPU
		{7C3DD808-F849-4D4E-A862-AA15F1D1073F}.Debug|Any CPU.Build.0 = Debug|Any CPU
		{7C3DD808-F849-4D4E-A862-AA15F1D1073F}.Debug|ARM.ActiveCfg = Debug|Any CPU
		{7C3DD808-F849-4D4E-A862-AA15F1D1073F}.Debug|ARM.Build.0 = Debug|Any CPU
		{7C3DD808-F849-4D4E-A862-AA15F1D1073F}.Debug|iPhone.ActiveCfg = Debug|Any CPU
		{7C3DD808-F849-4D4E-A862-AA15F1D1073F}.Debug|iPhone.Build.0 = Debug|Any CPU
		{7C3DD808-F849-4D4E-A862-AA15F1D1073F}.Debug|iPhoneSimulator.ActiveCfg = Debug|Any CPU
		{7C3DD808-F849-4D4E-A862-AA15F1D1073F}.Debug|iPhoneSimulator.Build.0 = Debug|Any CPU
		{7C3DD808-F849-4D4E-A862-AA15F1D1073F}.Debug|x64.ActiveCfg = Debug|Any CPU
		{7C3DD808-F849-4D4E-A862-AA15F1D1073F}.Debug|x64.Build.0 = Debug|Any CPU
		{7C3DD808-F849-4D4E-A862-AA15F1D1073F}.Debug|x86.ActiveCfg = Debug|Any CPU
		{7C3DD808-F849-4D4E-A862-AA15F1D1073F}.Debug|x86.Build.0 = Debug|Any CPU
		{7C3DD808-F849-4D4E-A862-AA15F1D1073F}.Release|Any CPU.ActiveCfg = Release|Any CPU
		{7C3DD808-F849-4D4E-A862-AA15F1D1073F}.Release|Any CPU.Build.0 = Release|Any CPU
		{7C3DD808-F849-4D4E-A862-AA15F1D1073F}.Release|ARM.ActiveCfg = Release|Any CPU
		{7C3DD808-F849-4D4E-A862-AA15F1D1073F}.Release|ARM.Build.0 = Release|Any CPU
		{7C3DD808-F849-4D4E-A862-AA15F1D1073F}.Release|iPhone.ActiveCfg = Release|Any CPU
		{7C3DD808-F849-4D4E-A862-AA15F1D1073F}.Release|iPhone.Build.0 = Release|Any CPU
		{7C3DD808-F849-4D4E-A862-AA15F1D1073F}.Release|iPhoneSimulator.ActiveCfg = Release|Any CPU
		{7C3DD808-F849-4D4E-A862-AA15F1D1073F}.Release|iPhoneSimulator.Build.0 = Release|Any CPU
		{7C3DD808-F849-4D4E-A862-AA15F1D1073F}.Release|x64.ActiveCfg = Release|Any CPU
		{7C3DD808-F849-4D4E-A862-AA15F1D1073F}.Release|x64.Build.0 = Release|Any CPU
		{7C3DD808-F849-4D4E-A862-AA15F1D1073F}.Release|x86.ActiveCfg = Release|Any CPU
		{7C3DD808-F849-4D4E-A862-AA15F1D1073F}.Release|x86.Build.0 = Release|Any CPU
		{0A943E5E-3DBE-444A-B05E-66AA06D88512}.Ad-Hoc|Any CPU.ActiveCfg = Release|Any CPU
		{0A943E5E-3DBE-444A-B05E-66AA06D88512}.Ad-Hoc|Any CPU.Build.0 = Release|Any CPU
		{0A943E5E-3DBE-444A-B05E-66AA06D88512}.Ad-Hoc|Any CPU.Deploy.0 = Release|Any CPU
		{0A943E5E-3DBE-444A-B05E-66AA06D88512}.Ad-Hoc|ARM.ActiveCfg = Release|Any CPU
		{0A943E5E-3DBE-444A-B05E-66AA06D88512}.Ad-Hoc|ARM.Build.0 = Release|Any CPU
		{0A943E5E-3DBE-444A-B05E-66AA06D88512}.Ad-Hoc|ARM.Deploy.0 = Release|Any CPU
		{0A943E5E-3DBE-444A-B05E-66AA06D88512}.Ad-Hoc|iPhone.ActiveCfg = Release|Any CPU
		{0A943E5E-3DBE-444A-B05E-66AA06D88512}.Ad-Hoc|iPhone.Build.0 = Release|Any CPU
		{0A943E5E-3DBE-444A-B05E-66AA06D88512}.Ad-Hoc|iPhone.Deploy.0 = Release|Any CPU
		{0A943E5E-3DBE-444A-B05E-66AA06D88512}.Ad-Hoc|iPhoneSimulator.ActiveCfg = Release|Any CPU
		{0A943E5E-3DBE-444A-B05E-66AA06D88512}.Ad-Hoc|iPhoneSimulator.Build.0 = Release|Any CPU
		{0A943E5E-3DBE-444A-B05E-66AA06D88512}.Ad-Hoc|iPhoneSimulator.Deploy.0 = Release|Any CPU
		{0A943E5E-3DBE-444A-B05E-66AA06D88512}.Ad-Hoc|x64.ActiveCfg = Release|Any CPU
		{0A943E5E-3DBE-444A-B05E-66AA06D88512}.Ad-Hoc|x64.Build.0 = Release|Any CPU
		{0A943E5E-3DBE-444A-B05E-66AA06D88512}.Ad-Hoc|x64.Deploy.0 = Release|Any CPU
		{0A943E5E-3DBE-444A-B05E-66AA06D88512}.Ad-Hoc|x86.ActiveCfg = Release|Any CPU
		{0A943E5E-3DBE-444A-B05E-66AA06D88512}.Ad-Hoc|x86.Build.0 = Release|Any CPU
		{0A943E5E-3DBE-444A-B05E-66AA06D88512}.Ad-Hoc|x86.Deploy.0 = Release|Any CPU
		{0A943E5E-3DBE-444A-B05E-66AA06D88512}.AppStore|Any CPU.ActiveCfg = Release|Any CPU
		{0A943E5E-3DBE-444A-B05E-66AA06D88512}.AppStore|Any CPU.Build.0 = Release|Any CPU
		{0A943E5E-3DBE-444A-B05E-66AA06D88512}.AppStore|Any CPU.Deploy.0 = Release|Any CPU
		{0A943E5E-3DBE-444A-B05E-66AA06D88512}.AppStore|ARM.ActiveCfg = Release|Any CPU
		{0A943E5E-3DBE-444A-B05E-66AA06D88512}.AppStore|ARM.Build.0 = Release|Any CPU
		{0A943E5E-3DBE-444A-B05E-66AA06D88512}.AppStore|ARM.Deploy.0 = Release|Any CPU
		{0A943E5E-3DBE-444A-B05E-66AA06D88512}.AppStore|iPhone.ActiveCfg = Release|Any CPU
		{0A943E5E-3DBE-444A-B05E-66AA06D88512}.AppStore|iPhone.Build.0 = Release|Any CPU
		{0A943E5E-3DBE-444A-B05E-66AA06D88512}.AppStore|iPhone.Deploy.0 = Release|Any CPU
		{0A943E5E-3DBE-444A-B05E-66AA06D88512}.AppStore|iPhoneSimulator.ActiveCfg = Release|Any CPU
		{0A943E5E-3DBE-444A-B05E-66AA06D88512}.AppStore|iPhoneSimulator.Build.0 = Release|Any CPU
		{0A943E5E-3DBE-444A-B05E-66AA06D88512}.AppStore|iPhoneSimulator.Deploy.0 = Release|Any CPU
		{0A943E5E-3DBE-444A-B05E-66AA06D88512}.AppStore|x64.ActiveCfg = Release|Any CPU
		{0A943E5E-3DBE-444A-B05E-66AA06D88512}.AppStore|x64.Build.0 = Release|Any CPU
		{0A943E5E-3DBE-444A-B05E-66AA06D88512}.AppStore|x64.Deploy.0 = Release|Any CPU
		{0A943E5E-3DBE-444A-B05E-66AA06D88512}.AppStore|x86.ActiveCfg = Release|Any CPU
		{0A943E5E-3DBE-444A-B05E-66AA06D88512}.AppStore|x86.Build.0 = Release|Any CPU
		{0A943E5E-3DBE-444A-B05E-66AA06D88512}.AppStore|x86.Deploy.0 = Release|Any CPU
		{0A943E5E-3DBE-444A-B05E-66AA06D88512}.Debug|Any CPU.ActiveCfg = Debug|Any CPU
		{0A943E5E-3DBE-444A-B05E-66AA06D88512}.Debug|Any CPU.Build.0 = Debug|Any CPU
		{0A943E5E-3DBE-444A-B05E-66AA06D88512}.Debug|Any CPU.Deploy.0 = Debug|Any CPU
		{0A943E5E-3DBE-444A-B05E-66AA06D88512}.Debug|ARM.ActiveCfg = Debug|Any CPU
		{0A943E5E-3DBE-444A-B05E-66AA06D88512}.Debug|ARM.Build.0 = Debug|Any CPU
		{0A943E5E-3DBE-444A-B05E-66AA06D88512}.Debug|ARM.Deploy.0 = Debug|Any CPU
		{0A943E5E-3DBE-444A-B05E-66AA06D88512}.Debug|iPhone.ActiveCfg = Debug|Any CPU
		{0A943E5E-3DBE-444A-B05E-66AA06D88512}.Debug|iPhone.Build.0 = Debug|Any CPU
		{0A943E5E-3DBE-444A-B05E-66AA06D88512}.Debug|iPhone.Deploy.0 = Debug|Any CPU
		{0A943E5E-3DBE-444A-B05E-66AA06D88512}.Debug|iPhoneSimulator.ActiveCfg = Debug|Any CPU
		{0A943E5E-3DBE-444A-B05E-66AA06D88512}.Debug|iPhoneSimulator.Build.0 = Debug|Any CPU
		{0A943E5E-3DBE-444A-B05E-66AA06D88512}.Debug|iPhoneSimulator.Deploy.0 = Debug|Any CPU
		{0A943E5E-3DBE-444A-B05E-66AA06D88512}.Debug|x64.ActiveCfg = Debug|Any CPU
		{0A943E5E-3DBE-444A-B05E-66AA06D88512}.Debug|x64.Build.0 = Debug|Any CPU
		{0A943E5E-3DBE-444A-B05E-66AA06D88512}.Debug|x64.Deploy.0 = Debug|Any CPU
		{0A943E5E-3DBE-444A-B05E-66AA06D88512}.Debug|x86.ActiveCfg = Debug|Any CPU
		{0A943E5E-3DBE-444A-B05E-66AA06D88512}.Debug|x86.Build.0 = Debug|Any CPU
		{0A943E5E-3DBE-444A-B05E-66AA06D88512}.Debug|x86.Deploy.0 = Debug|Any CPU
		{0A943E5E-3DBE-444A-B05E-66AA06D88512}.Release|Any CPU.ActiveCfg = Release|Any CPU
		{0A943E5E-3DBE-444A-B05E-66AA06D88512}.Release|Any CPU.Build.0 = Release|Any CPU
		{0A943E5E-3DBE-444A-B05E-66AA06D88512}.Release|Any CPU.Deploy.0 = Release|Any CPU
		{0A943E5E-3DBE-444A-B05E-66AA06D88512}.Release|ARM.ActiveCfg = Release|Any CPU
		{0A943E5E-3DBE-444A-B05E-66AA06D88512}.Release|ARM.Build.0 = Release|Any CPU
		{0A943E5E-3DBE-444A-B05E-66AA06D88512}.Release|ARM.Deploy.0 = Release|Any CPU
		{0A943E5E-3DBE-444A-B05E-66AA06D88512}.Release|iPhone.ActiveCfg = Release|Any CPU
		{0A943E5E-3DBE-444A-B05E-66AA06D88512}.Release|iPhone.Build.0 = Release|Any CPU
		{0A943E5E-3DBE-444A-B05E-66AA06D88512}.Release|iPhone.Deploy.0 = Release|Any CPU
		{0A943E5E-3DBE-444A-B05E-66AA06D88512}.Release|iPhoneSimulator.ActiveCfg = Release|Any CPU
		{0A943E5E-3DBE-444A-B05E-66AA06D88512}.Release|iPhoneSimulator.Build.0 = Release|Any CPU
		{0A943E5E-3DBE-444A-B05E-66AA06D88512}.Release|iPhoneSimulator.Deploy.0 = Release|Any CPU
		{0A943E5E-3DBE-444A-B05E-66AA06D88512}.Release|x64.ActiveCfg = Release|Any CPU
		{0A943E5E-3DBE-444A-B05E-66AA06D88512}.Release|x64.Build.0 = Release|Any CPU
		{0A943E5E-3DBE-444A-B05E-66AA06D88512}.Release|x64.Deploy.0 = Release|Any CPU
		{0A943E5E-3DBE-444A-B05E-66AA06D88512}.Release|x86.ActiveCfg = Release|Any CPU
		{0A943E5E-3DBE-444A-B05E-66AA06D88512}.Release|x86.Build.0 = Release|Any CPU
		{0A943E5E-3DBE-444A-B05E-66AA06D88512}.Release|x86.Deploy.0 = Release|Any CPU
		{CDE8B026-B8A2-4818-8FA0-536748CE9FD3}.Ad-Hoc|Any CPU.ActiveCfg = Ad-Hoc|iPhone
		{CDE8B026-B8A2-4818-8FA0-536748CE9FD3}.Ad-Hoc|ARM.ActiveCfg = Ad-Hoc|iPhone
		{CDE8B026-B8A2-4818-8FA0-536748CE9FD3}.Ad-Hoc|iPhone.ActiveCfg = Ad-Hoc|iPhone
		{CDE8B026-B8A2-4818-8FA0-536748CE9FD3}.Ad-Hoc|iPhone.Build.0 = Ad-Hoc|iPhone
		{CDE8B026-B8A2-4818-8FA0-536748CE9FD3}.Ad-Hoc|iPhoneSimulator.ActiveCfg = Ad-Hoc|iPhoneSimulator
		{CDE8B026-B8A2-4818-8FA0-536748CE9FD3}.Ad-Hoc|iPhoneSimulator.Build.0 = Ad-Hoc|iPhoneSimulator
		{CDE8B026-B8A2-4818-8FA0-536748CE9FD3}.Ad-Hoc|x64.ActiveCfg = Ad-Hoc|iPhone
		{CDE8B026-B8A2-4818-8FA0-536748CE9FD3}.Ad-Hoc|x86.ActiveCfg = Ad-Hoc|iPhone
		{CDE8B026-B8A2-4818-8FA0-536748CE9FD3}.AppStore|Any CPU.ActiveCfg = AppStore|iPhone
		{CDE8B026-B8A2-4818-8FA0-536748CE9FD3}.AppStore|ARM.ActiveCfg = AppStore|iPhone
		{CDE8B026-B8A2-4818-8FA0-536748CE9FD3}.AppStore|iPhone.ActiveCfg = AppStore|iPhone
		{CDE8B026-B8A2-4818-8FA0-536748CE9FD3}.AppStore|iPhone.Build.0 = AppStore|iPhone
		{CDE8B026-B8A2-4818-8FA0-536748CE9FD3}.AppStore|iPhoneSimulator.ActiveCfg = AppStore|iPhoneSimulator
		{CDE8B026-B8A2-4818-8FA0-536748CE9FD3}.AppStore|iPhoneSimulator.Build.0 = AppStore|iPhoneSimulator
		{CDE8B026-B8A2-4818-8FA0-536748CE9FD3}.AppStore|x64.ActiveCfg = AppStore|iPhone
		{CDE8B026-B8A2-4818-8FA0-536748CE9FD3}.AppStore|x86.ActiveCfg = AppStore|iPhone
		{CDE8B026-B8A2-4818-8FA0-536748CE9FD3}.Debug|Any CPU.ActiveCfg = Debug|iPhone
		{CDE8B026-B8A2-4818-8FA0-536748CE9FD3}.Debug|ARM.ActiveCfg = Debug|iPhone
		{CDE8B026-B8A2-4818-8FA0-536748CE9FD3}.Debug|iPhone.ActiveCfg = Debug|iPhone
		{CDE8B026-B8A2-4818-8FA0-536748CE9FD3}.Debug|iPhone.Build.0 = Debug|iPhone
		{CDE8B026-B8A2-4818-8FA0-536748CE9FD3}.Debug|iPhoneSimulator.ActiveCfg = Debug|iPhoneSimulator
		{CDE8B026-B8A2-4818-8FA0-536748CE9FD3}.Debug|iPhoneSimulator.Build.0 = Debug|iPhoneSimulator
		{CDE8B026-B8A2-4818-8FA0-536748CE9FD3}.Debug|x64.ActiveCfg = Debug|iPhone
		{CDE8B026-B8A2-4818-8FA0-536748CE9FD3}.Debug|x86.ActiveCfg = Debug|iPhone
		{CDE8B026-B8A2-4818-8FA0-536748CE9FD3}.Release|Any CPU.ActiveCfg = Release|iPhone
		{CDE8B026-B8A2-4818-8FA0-536748CE9FD3}.Release|ARM.ActiveCfg = Release|iPhone
		{CDE8B026-B8A2-4818-8FA0-536748CE9FD3}.Release|iPhone.ActiveCfg = Release|iPhone
		{CDE8B026-B8A2-4818-8FA0-536748CE9FD3}.Release|iPhone.Build.0 = Release|iPhone
		{CDE8B026-B8A2-4818-8FA0-536748CE9FD3}.Release|iPhoneSimulator.ActiveCfg = Release|iPhoneSimulator
		{CDE8B026-B8A2-4818-8FA0-536748CE9FD3}.Release|iPhoneSimulator.Build.0 = Release|iPhoneSimulator
		{CDE8B026-B8A2-4818-8FA0-536748CE9FD3}.Release|x64.ActiveCfg = Release|iPhone
		{CDE8B026-B8A2-4818-8FA0-536748CE9FD3}.Release|x86.ActiveCfg = Release|iPhone
		{2C637DB8-6C36-45C7-877D-242749F7A047}.Ad-Hoc|Any CPU.ActiveCfg = Release|Any CPU
		{2C637DB8-6C36-45C7-877D-242749F7A047}.Ad-Hoc|Any CPU.Build.0 = Release|Any CPU
		{2C637DB8-6C36-45C7-877D-242749F7A047}.Ad-Hoc|ARM.ActiveCfg = Release|Any CPU
		{2C637DB8-6C36-45C7-877D-242749F7A047}.Ad-Hoc|ARM.Build.0 = Release|Any CPU
		{2C637DB8-6C36-45C7-877D-242749F7A047}.Ad-Hoc|iPhone.ActiveCfg = Release|Any CPU
		{2C637DB8-6C36-45C7-877D-242749F7A047}.Ad-Hoc|iPhone.Build.0 = Release|Any CPU
		{2C637DB8-6C36-45C7-877D-242749F7A047}.Ad-Hoc|iPhoneSimulator.ActiveCfg = Release|Any CPU
		{2C637DB8-6C36-45C7-877D-242749F7A047}.Ad-Hoc|iPhoneSimulator.Build.0 = Release|Any CPU
		{2C637DB8-6C36-45C7-877D-242749F7A047}.Ad-Hoc|x64.ActiveCfg = Release|Any CPU
		{2C637DB8-6C36-45C7-877D-242749F7A047}.Ad-Hoc|x64.Build.0 = Release|Any CPU
		{2C637DB8-6C36-45C7-877D-242749F7A047}.Ad-Hoc|x86.ActiveCfg = Release|Any CPU
		{2C637DB8-6C36-45C7-877D-242749F7A047}.Ad-Hoc|x86.Build.0 = Release|Any CPU
		{2C637DB8-6C36-45C7-877D-242749F7A047}.AppStore|Any CPU.ActiveCfg = Release|Any CPU
		{2C637DB8-6C36-45C7-877D-242749F7A047}.AppStore|Any CPU.Build.0 = Release|Any CPU
		{2C637DB8-6C36-45C7-877D-242749F7A047}.AppStore|ARM.ActiveCfg = Release|Any CPU
		{2C637DB8-6C36-45C7-877D-242749F7A047}.AppStore|ARM.Build.0 = Release|Any CPU
		{2C637DB8-6C36-45C7-877D-242749F7A047}.AppStore|iPhone.ActiveCfg = Release|Any CPU
		{2C637DB8-6C36-45C7-877D-242749F7A047}.AppStore|iPhone.Build.0 = Release|Any CPU
		{2C637DB8-6C36-45C7-877D-242749F7A047}.AppStore|iPhoneSimulator.ActiveCfg = Release|Any CPU
		{2C637DB8-6C36-45C7-877D-242749F7A047}.AppStore|iPhoneSimulator.Build.0 = Release|Any CPU
		{2C637DB8-6C36-45C7-877D-242749F7A047}.AppStore|x64.ActiveCfg = Release|Any CPU
		{2C637DB8-6C36-45C7-877D-242749F7A047}.AppStore|x64.Build.0 = Release|Any CPU
		{2C637DB8-6C36-45C7-877D-242749F7A047}.AppStore|x86.ActiveCfg = Release|Any CPU
		{2C637DB8-6C36-45C7-877D-242749F7A047}.AppStore|x86.Build.0 = Release|Any CPU
		{2C637DB8-6C36-45C7-877D-242749F7A047}.Debug|Any CPU.ActiveCfg = Debug|Any CPU
		{2C637DB8-6C36-45C7-877D-242749F7A047}.Debug|Any CPU.Build.0 = Debug|Any CPU
		{2C637DB8-6C36-45C7-877D-242749F7A047}.Debug|ARM.ActiveCfg = Debug|Any CPU
		{2C637DB8-6C36-45C7-877D-242749F7A047}.Debug|ARM.Build.0 = Debug|Any CPU
		{2C637DB8-6C36-45C7-877D-242749F7A047}.Debug|iPhone.ActiveCfg = Debug|Any CPU
		{2C637DB8-6C36-45C7-877D-242749F7A047}.Debug|iPhone.Build.0 = Debug|Any CPU
		{2C637DB8-6C36-45C7-877D-242749F7A047}.Debug|iPhoneSimulator.ActiveCfg = Debug|Any CPU
		{2C637DB8-6C36-45C7-877D-242749F7A047}.Debug|iPhoneSimulator.Build.0 = Debug|Any CPU
		{2C637DB8-6C36-45C7-877D-242749F7A047}.Debug|x64.ActiveCfg = Debug|Any CPU
		{2C637DB8-6C36-45C7-877D-242749F7A047}.Debug|x64.Build.0 = Debug|Any CPU
		{2C637DB8-6C36-45C7-877D-242749F7A047}.Debug|x86.ActiveCfg = Debug|Any CPU
		{2C637DB8-6C36-45C7-877D-242749F7A047}.Debug|x86.Build.0 = Debug|Any CPU
		{2C637DB8-6C36-45C7-877D-242749F7A047}.Release|Any CPU.ActiveCfg = Release|Any CPU
		{2C637DB8-6C36-45C7-877D-242749F7A047}.Release|Any CPU.Build.0 = Release|Any CPU
		{2C637DB8-6C36-45C7-877D-242749F7A047}.Release|ARM.ActiveCfg = Release|Any CPU
		{2C637DB8-6C36-45C7-877D-242749F7A047}.Release|ARM.Build.0 = Release|Any CPU
		{2C637DB8-6C36-45C7-877D-242749F7A047}.Release|iPhone.ActiveCfg = Release|Any CPU
		{2C637DB8-6C36-45C7-877D-242749F7A047}.Release|iPhone.Build.0 = Release|Any CPU
		{2C637DB8-6C36-45C7-877D-242749F7A047}.Release|iPhoneSimulator.ActiveCfg = Release|Any CPU
		{2C637DB8-6C36-45C7-877D-242749F7A047}.Release|iPhoneSimulator.Build.0 = Release|Any CPU
		{2C637DB8-6C36-45C7-877D-242749F7A047}.Release|x64.ActiveCfg = Release|Any CPU
		{2C637DB8-6C36-45C7-877D-242749F7A047}.Release|x64.Build.0 = Release|Any CPU
		{2C637DB8-6C36-45C7-877D-242749F7A047}.Release|x86.ActiveCfg = Release|Any CPU
		{2C637DB8-6C36-45C7-877D-242749F7A047}.Release|x86.Build.0 = Release|Any CPU
	EndGlobalSection
	GlobalSection(SolutionProperties) = preSolution
		HideSolutionNode = FALSE
	EndGlobalSection
EndGlobal
